Microsoft Visual Studio Solution File, Format Version 12.00
# Visual Studio Version 17
VisualStudioVersion = 17.5.2.0
MinimumVisualStudioVersion = 10.0.40219.1
Project("{FAE04EC0-301F-11D3-BF4B-00C04F79EFBC}") = "Project1", "Project1.csproj", "{B46A9B1F-AE01-2F33-B8FD-9C2E7CF098E8}"
EndProject
Global
	GlobalSection(SolutionConfigurationPlatforms) = preSolution
		Debug|Any CPU = Debug|Any CPU
		Release|Any CPU = Release|Any CPU
	EndGlobalSection
	GlobalSection(ProjectConfigurationPlatforms) = postSolution
		{B46A9B1F-AE01-2F33-B8FD-9C2E7CF098E8}.Debug|Any CPU.ActiveCfg = Debug|Any CPU
		{B46A9B1F-AE01-2F33-B8FD-9C2E7CF098E8}.Debug|Any CPU.Build.0 = Debug|Any CPU
		{B46A9B1F-AE01-2F33-B8FD-9C2E7CF098E8}.Release|Any CPU.ActiveCfg = Release|Any CPU
		{B46A9B1F-AE01-2F33-B8FD-9C2E7CF098E8}.Release|Any CPU.Build.0 = Release|Any CPU
	EndGlobalSection
	GlobalSection(SolutionProperties) = preSolution
		HideSolutionNode = FALSE
	EndGlobalSection
	GlobalSection(ExtensibilityGlobals) = postSolution
		SolutionGuid = {545161A7-45F1-405F-B442-9A3D929DEF4F}
	EndGlobalSection
EndGlobal
